
Microsoft Visual Studio Solution File, Format Version 12.00
# Visual Studio 15
VisualStudioVersion = 15.0.27004.2002
MinimumVisualStudioVersion = 10.0.40219.1
Project("{8BC9CEB8-8B4A-11D0-8D11-00A0C91BC942}") = "SelectTCPServer", "SelectTCPServer\SelectTCPServer.vcxproj", "{F4E3290B-1A68-47F0-B26C-CAE70FCDCED9}"
EndProject
Project("{8BC9CEB8-8B4A-11D0-8D11-00A0C91BC942}") = "AsyncSelectTCPServer", "AsyncSelectTCPServer\AsyncSelectTCPServer.vcxproj", "{59840FCB-C3A4-4459-BE12-89A5082056BD}"
EndProject
Project("{8BC9CEB8-8B4A-11D0-8D11-00A0C91BC942}") = "EventSelectTCPServer", "EventSelectTCPServer\EventSelectTCPServer.vcxproj", "{CD1C1CA2-FA1A-493F-B207-D7740D01D122}"
EndProject
Project("{8BC9CEB8-8B4A-11D0-8D11-00A0C91BC942}") = "OverlappedTCPServer", "OverlappedTCPServer\OverlappedTCPServer.vcxproj", "{1387F127-E838-4996-A08C-97780DA2BD07}"
EndProject
Project("{8BC9CEB8-8B4A-11D0-8D11-00A0C91BC942}") = "CompletionPortTCPServer", "CompletionPortTCPServer\CompletionPortTCPServer.vcxproj", "{6201EB73-95DB-4372-8AD8-D98C5F0E48FF}"
EndProject
Global
	GlobalSection(SolutionConfigurationPlatforms) = preSolution
		Debug|x64 = Debug|x64
		Debug|x86 = Debug|x86
		Release|x64 = Release|x64
		Release|x86 = Release|x86
	EndGlobalSection
	GlobalSection(ProjectConfigurationPlatforms) = postSolution
		{F4E3290B-1A68-47F0-B26C-CAE70FCDCED9}.Debug|x64.ActiveCfg = Debug|x64
		{F4E3290B-1A68-47F0-B26C-CAE70FCDCED9}.Debug|x64.Build.0 = Debug|x64
		{F4E3290B-1A68-47F0-B26C-CAE70FCDCED9}.Debug|x86.ActiveCfg = Debug|Win32
		{F4E3290B-1A68-47F0-B26C-CAE70FCDCED9}.Debug|x86.Build.0 = Debug|Win32
		{F4E3290B-1A68-47F0-B26C-CAE70FCDCED9}.Release|x64.ActiveCfg = Release|x64
		{F4E3290B-1A68-47F0-B26C-CAE70FCDCED9}.Release|x64.Build.0 = Release|x64
		{F4E3290B-1A68-47F0-B26C-CAE70FCDCED9}.Release|x86.ActiveCfg = Release|Win32
		{F4E3290B-1A68-47F0-B26C-CAE70FCDCED9}.Release|x86.Build.0 = Release|Win32
		{59840FCB-C3A4-4459-BE12-89A5082056BD}.Debug|x64.ActiveCfg = Debug|x64
		{59840FCB-C3A4-4459-BE12-89A5082056BD}.Debug|x64.Build.0 = Debug|x64
		{59840FCB-C3A4-4459-BE12-89A5082056BD}.Debug|x86.ActiveCfg = Debug|Win32
		{59840FCB-C3A4-4459-BE12-89A5082056BD}.Debug|x86.Build.0 = Debug|Win32
		{59840FCB-C3A4-4459-BE12-89A5082056BD}.Release|x64.ActiveCfg = Release|x64
		{59840FCB-C3A4-4459-BE12-89A5082056BD}.Release|x64.Build.0 = Release|x64
		{59840FCB-C3A4-4459-BE12-89A5082056BD}.Release|x86.ActiveCfg = Release|Win32
		{59840FCB-C3A4-4459-BE12-89A5082056BD}.Release|x86.Build.0 = Release|Win32
		{CD1C1CA2-FA1A-493F-B207-D7740D01D122}.Debug|x64.ActiveCfg = Debug|x64
		{CD1C1CA2-FA1A-493F-B207-D7740D01D122}.Debug|x64.Build.0 = Debug|x64
		{CD1C1CA2-FA1A-493F-B207-D7740D01D122}.Debug|x86.ActiveCfg = Debug|Win32
		{CD1C1CA2-FA1A-493F-B207-D7740D01D122}.Debug|x86.Build.0 = Debug|Win32
		{CD1C1CA2-FA1A-493F-B207-D7740D01D122}.Release|x64.ActiveCfg = Release|x64
		{CD1C1CA2-FA1A-493F-B207-D7740D01D122}.Release|x64.Build.0 = Release|x64
		{CD1C1CA2-FA1A-493F-B207-D7740D01D122}.Release|x86.ActiveCfg = Release|Win32
		{CD1C1CA2-FA1A-493F-B207-D7740D01D122}.Release|x86.Build.0 = Release|Win32
		{1387F127-E838-4996-A08C-97780DA2BD07}.Debug|x64.ActiveCfg = Debug|x64
		{1387F127-E838-4996-A08C-97780DA2BD07}.Debug|x64.Build.0 = Debug|x64
		{1387F127-E838-4996-A08C-97780DA2BD07}.Debug|x86.ActiveCfg = Debug|Win32
		{1387F127-E838-4996-A08C-97780DA2BD07}.Debug|x86.Build.0 = Debug|Win32
		{1387F127-E838-4996-A08C-97780DA2BD07}.Release|x64.ActiveCfg = Release|x64
		{1387F127-E838-4996-A08C-97780DA2BD07}.Release|x64.Build.0 = Release|x64
		{1387F127-E838-4996-A08C-97780DA2BD07}.Release|x86.ActiveCfg = Release|Win32
		{1387F127-E838-4996-A08C-97780DA2BD07}.Release|x86.Build.0 = Release|Win32
		{6201EB73-95DB-4372-8AD8-D98C5F0E48FF}.Debug|x64.ActiveCfg = Debug|x64
		{6201EB73-95DB-4372-8AD8-D98C5F0E48FF}.Debug|x64.Build.0 = Debug|x64
		{6201EB73-95DB-4372-8AD8-D98C5F0E48FF}.Debug|x86.ActiveCfg = Debug|Win32
		{6201EB73-95DB-4372-8AD8-D98C5F0E48FF}.Debug|x86.Build.0 = Debug|Win32
		{6201EB73-95DB-4372-8AD8-D98C5F0E48FF}.Release|x64.ActiveCfg = Release|x64
		{6201EB73-95DB-4372-8AD8-D98C5F0E48FF}.Release|x64.Build.0 = Release|x64
		{6201EB73-95DB-4372-8AD8-D98C5F0E48FF}.Release|x86.ActiveCfg = Release|Win32
		{6201EB73-95DB-4372-8AD8-D98C5F0E48FF}.Release|x86.Build.0 = Release|Win32
	EndGlobalSection
	GlobalSection(SolutionProperties) = preSolution
		HideSolutionNode = FALSE
	EndGlobalSection
	GlobalSection(ExtensibilityGlobals) = postSolution
		SolutionGuid = {D3435E2A-F9EC-4DF3-A265-834C851E0D77}
	EndGlobalSection
EndGlobal
